
Microsoft Visual Studio Solution File, Format Version 12.00
# Visual Studio Version 17
VisualStudioVersion = 17.9.34728.123
MinimumVisualStudioVersion = 10.0.40219.1
Project("{FAE04EC0-301F-11D3-BF4B-00C04F79EFBC}") = "Sistema_Funcionários", "Sistema_Funcionários\Sistema_Funcionários.csproj", "{F2B1849B-84E4-47B9-9F8F-7B3C9182B3B9}"
EndProject
Global
	GlobalSection(SolutionConfigurationPlatforms) = preSolution
		Debug|Any CPU = Debug|Any CPU
		Release|Any CPU = Release|Any CPU
	EndGlobalSection
	GlobalSection(ProjectConfigurationPlatforms) = postSolution
		{F2B1849B-84E4-47B9-9F8F-7B3C9182B3B9}.Debug|Any CPU.ActiveCfg = Debug|Any CPU
		{F2B1849B-84E4-47B9-9F8F-7B3C9182B3B9}.Debug|Any CPU.Build.0 = Debug|Any CPU
		{F2B1849B-84E4-47B9-9F8F-7B3C9182B3B9}.Release|Any CPU.ActiveCfg = Release|Any CPU
		{F2B1849B-84E4-47B9-9F8F-7B3C9182B3B9}.Release|Any CPU.Build.0 = Release|Any CPU
	EndGlobalSection
	GlobalSection(SolutionProperties) = preSolution
		HideSolutionNode = FALSE
	EndGlobalSection
	GlobalSection(ExtensibilityGlobals) = postSolution
		SolutionGuid = {6DDA16BE-4CA9-42F9-8927-E296EBE8986C}
	EndGlobalSection
EndGlobal
